
Microsoft Visual Studio Solution File, Format Version 12.00
# Visual Studio 2012
Project("{8BC9CEB8-8B4A-11D0-8D11-00A0C91BC942}") = "apr", "..\..\apr\apr.vcxproj", "{5455572F-92D1-466C-82FF-72DCBB104CFD}"
EndProject
Project("{8BC9CEB8-8B4A-11D0-8D11-00A0C91BC942}") = "xml", "..\..\apr-util\xml\expat\lib\xml.vcxproj", "{7A5ED4A8-E243-4F32-8281-9DC515316107}"
EndProject
Project("{8BC9CEB8-8B4A-11D0-8D11-00A0C91BC942}") = "aprutil", "..\..\apr-util\aprutil.vcxproj", "{6C75647C-FE62-44C7-BFE0-091F1B2428C6}"
EndProject
Project("{8BC9CEB8-8B4A-11D0-8D11-00A0C91BC942}") = "testsuite_standalone", "testsuite-standalone.vcxproj", "{003C0E70-8478-4431-B213-6B86B0618B3C}"
EndProject
Global
	GlobalSection(SolutionConfigurationPlatforms) = preSolution
		Debug|Win32 = Debug|Win32
		Debug|x64 = Debug|x64
		Debug9x|Win32 = Debug9x|Win32
		Debug9x|x64 = Debug9x|x64
		Release|Win32 = Release|Win32
		Release|x64 = Release|x64
		Release9x|Win32 = Release9x|Win32
		Release9x|x64 = Release9x|x64
		Template|Win32 = Template|Win32
		Template|x64 = Template|x64
	EndGlobalSection
	GlobalSection(ProjectConfigurationPlatforms) = postSolution
		{5455572F-92D1-466C-82FF-72DCBB104CFD}.Debug|Win32.ActiveCfg = Debug|Win32
		{5455572F-92D1-466C-82FF-72DCBB104CFD}.Debug|Win32.Build.0 = Debug|Win32
		{5455572F-92D1-466C-82FF-72DCBB104CFD}.Debug|x64.ActiveCfg = Debug|x64
		{5455572F-92D1-466C-82FF-72DCBB104CFD}.Debug|x64.Build.0 = Debug|x64
		{5455572F-92D1-466C-82FF-72DCBB104CFD}.Debug9x|Win32.ActiveCfg = Debug9x|Win32
		{5455572F-92D1-466C-82FF-72DCBB104CFD}.Debug9x|Win32.Build.0 = Debug9x|Win32
		{5455572F-92D1-466C-82FF-72DCBB104CFD}.Debug9x|x64.ActiveCfg = Debug9x|x64
		{5455572F-92D1-466C-82FF-72DCBB104CFD}.Debug9x|x64.Build.0 = Debug9x|x64
		{5455572F-92D1-466C-82FF-72DCBB104CFD}.Release|Win32.ActiveCfg = Release|Win32
		{5455572F-92D1-466C-82FF-72DCBB104CFD}.Release|Win32.Build.0 = Release|Win32
		{5455572F-92D1-466C-82FF-72DCBB104CFD}.Release|x64.ActiveCfg = Release|x64
		{5455572F-92D1-466C-82FF-72DCBB104CFD}.Release|x64.Build.0 = Release|x64
		{5455572F-92D1-466C-82FF-72DCBB104CFD}.Release9x|Win32.ActiveCfg = Release9x|Win32
		{5455572F-92D1-466C-82FF-72DCBB104CFD}.Release9x|Win32.Build.0 = Release9x|Win32
		{5455572F-92D1-466C-82FF-72DCBB104CFD}.Release9x|x64.ActiveCfg = Release9x|x64
		{5455572F-92D1-466C-82FF-72DCBB104CFD}.Release9x|x64.Build.0 = Release9x|x64
		{5455572F-92D1-466C-82FF-72DCBB104CFD}.Template|Win32.ActiveCfg = Release9x|Win32
		{5455572F-92D1-466C-82FF-72DCBB104CFD}.Template|Win32.Build.0 = Release9x|Win32
		{5455572F-92D1-466C-82FF-72DCBB104CFD}.Template|x64.ActiveCfg = Release9x|x64
		{5455572F-92D1-466C-82FF-72DCBB104CFD}.Template|x64.Build.0 = Release9x|x64
		{7A5ED4A8-E243-4F32-8281-9DC515316107}.Debug|Win32.ActiveCfg = Debug|Win32
		{7A5ED4A8-E243-4F32-8281-9DC515316107}.Debug|Win32.Build.0 = Debug|Win32
		{7A5ED4A8-E243-4F32-8281-9DC515316107}.Debug|x64.ActiveCfg = Debug|x64
		{7A5ED4A8-E243-4F32-8281-9DC515316107}.Debug|x64.Build.0 = Debug|x64
		{7A5ED4A8-E243-4F32-8281-9DC515316107}.Debug9x|Win32.ActiveCfg = Debug|Win32
		{7A5ED4A8-E243-4F32-8281-9DC515316107}.Debug9x|Win32.Build.0 = Debug|Win32
		{7A5ED4A8-E243-4F32-8281-9DC515316107}.Debug9x|x64.ActiveCfg = Debug|x64
		{7A5ED4A8-E243-4F32-8281-9DC515316107}.Debug9x|x64.Build.0 = Debug|x64
		{7A5ED4A8-E243-4F32-8281-9DC515316107}.Release|Win32.ActiveCfg = Release|Win32
		{7A5ED4A8-E243-4F32-8281-9DC515316107}.Release|Win32.Build.0 = Release|Win32
		{7A5ED4A8-E243-4F32-8281-9DC515316107}.Release|x64.ActiveCfg = Release|x64
		{7A5ED4A8-E243-4F32-8281-9DC515316107}.Release|x64.Build.0 = Release|x64
		{7A5ED4A8-E243-4F32-8281-9DC515316107}.Release9x|Win32.ActiveCfg = Release|Win32
		{7A5ED4A8-E243-4F32-8281-9DC515316107}.Release9x|Win32.Build.0 = Release|Win32
		{7A5ED4A8-E243-4F32-8281-9DC515316107}.Release9x|x64.ActiveCfg = Release|x64
		{7A5ED4A8-E243-4F32-8281-9DC515316107}.Release9x|x64.Build.0 = Release|x64
		{7A5ED4A8-E243-4F32-8281-9DC515316107}.Template|Win32.ActiveCfg = Template|Win32
		{7A5ED4A8-E243-4F32-8281-9DC515316107}.Template|Win32.Build.0 = Template|Win32
		{7A5ED4A8-E243-4F32-8281-9DC515316107}.Template|x64.ActiveCfg = Template|x64
		{7A5ED4A8-E243-4F32-8281-9DC515316107}.Template|x64.Build.0 = Template|x64
		{6C75647C-FE62-44C7-BFE0-091F1B2428C6}.Debug|Win32.ActiveCfg = Debug|Win32
		{6C75647C-FE62-44C7-BFE0-091F1B2428C6}.Debug|Win32.Build.0 = Debug|Win32
		{6C75647C-FE62-44C7-BFE0-091F1B2428C6}.Debug|x64.ActiveCfg = Debug|x64
		{6C75647C-FE62-44C7-BFE0-091F1B2428C6}.Debug|x64.Build.0 = Debug|x64
		{6C75647C-FE62-44C7-BFE0-091F1B2428C6}.Debug9x|Win32.ActiveCfg = Debug|Win32
		{6C75647C-FE62-44C7-BFE0-091F1B2428C6}.Debug9x|Win32.Build.0 = Debug|Win32
		{6C75647C-FE62-44C7-BFE0-091F1B2428C6}.Debug9x|x64.ActiveCfg = Debug|x64
		{6C75647C-FE62-44C7-BFE0-091F1B2428C6}.Debug9x|x64.Build.0 = Debug|x64
		{6C75647C-FE62-44C7-BFE0-091F1B2428C6}.Release|Win32.ActiveCfg = Release|Win32
		{6C75647C-FE62-44C7-BFE0-091F1B2428C6}.Release|Win32.Build.0 = Release|Win32
		{6C75647C-FE62-44C7-BFE0-091F1B2428C6}.Release|x64.ActiveCfg = Release|x64
		{6C75647C-FE62-44C7-BFE0-091F1B2428C6}.Release|x64.Build.0 = Release|x64
		{6C75647C-FE62-44C7-BFE0-091F1B2428C6}.Release9x|Win32.ActiveCfg = Release|Win32
		{6C75647C-FE62-44C7-BFE0-091F1B2428C6}.Release9x|Win32.Build.0 = Release|Win32
		{6C75647C-FE62-44C7-BFE0-091F1B2428C6}.Release9x|x64.ActiveCfg = Release|x64
		{6C75647C-FE62-44C7-BFE0-091F1B2428C6}.Release9x|x64.Build.0 = Release|x64
		{6C75647C-FE62-44C7-BFE0-091F1B2428C6}.Template|Win32.ActiveCfg = Template|Win32
		{6C75647C-FE62-44C7-BFE0-091F1B2428C6}.Template|Win32.Build.0 = Template|Win32
		{6C75647C-FE62-44C7-BFE0-091F1B2428C6}.Template|x64.ActiveCfg = Template|x64
		{6C75647C-FE62-44C7-BFE0-091F1B2428C6}.Template|x64.Build.0 = Template|x64
		{003C0E70-8478-4431-B213-6B86B0618B3C}.Debug|Win32.ActiveCfg = Debug|Win32
		{003C0E70-8478-4431-B213-6B86B0618B3C}.Debug|Win32.Build.0 = Debug|Win32
		{003C0E70-8478-4431-B213-6B86B0618B3C}.Debug|x64.ActiveCfg = Debug|Win32
		{003C0E70-8478-4431-B213-6B86B0618B3C}.Debug9x|Win32.ActiveCfg = Debug|Win32
		{003C0E70-8478-4431-B213-6B86B0618B3C}.Debug9x|Win32.Build.0 = Debug|Win32
		{003C0E70-8478-4431-B213-6B86B0618B3C}.Debug9x|x64.ActiveCfg = Debug|Win32
		{003C0E70-8478-4431-B213-6B86B0618B3C}.Release|Win32.ActiveCfg = Release|Win32
		{003C0E70-8478-4431-B213-6B86B0618B3C}.Release|Win32.Build.0 = Release|Win32
		{003C0E70-8478-4431-B213-6B86B0618B3C}.Release|x64.ActiveCfg = Release|Win32
		{003C0E70-8478-4431-B213-6B86B0618B3C}.Release9x|Win32.ActiveCfg = Release|Win32
		{003C0E70-8478-4431-B213-6B86B0618B3C}.Release9x|Win32.Build.0 = Release|Win32
		{003C0E70-8478-4431-B213-6B86B0618B3C}.Release9x|x64.ActiveCfg = Release|Win32
		{003C0E70-8478-4431-B213-6B86B0618B3C}.Template|Win32.ActiveCfg = Release|Win32
		{003C0E70-8478-4431-B213-6B86B0618B3C}.Template|Win32.Build.0 = Release|Win32
		{003C0E70-8478-4431-B213-6B86B0618B3C}.Template|x64.ActiveCfg = Release|Win32
	EndGlobalSection
	GlobalSection(SolutionProperties) = preSolution
		HideSolutionNode = FALSE
	EndGlobalSection
EndGlobal
